// !$*UTF8*$!
{
	archiveVersion = 1;
	classes = {
	};
	objectVersion = 46;
	objects = {

/* Begin PBXBuildFile section */
		37314F0C6C52B6B6DB5472D6 /* Pods.framework in Frameworks */ = {isa = PBXBuildFile; fileRef = 9CCFE0AC0746E511402D2D78 /* Pods.framework */; };
		4D6756801CB41ADC0054F6ED /* ProductCellViewModel.swift in Sources */ = {isa = PBXBuildFile; fileRef = 4D67567F1CB41ADC0054F6ED /* ProductCellViewModel.swift */; };
		4D6756831CB422870054F6ED /* ProductsViewController.swift in Sources */ = {isa = PBXBuildFile; fileRef = 4D6756821CB422870054F6ED /* ProductsViewController.swift */; };
		4D782E981C9DE1630046547D /* AppDelegate.swift in Sources */ = {isa = PBXBuildFile; fileRef = 4D782E971C9DE1630046547D /* AppDelegate.swift */; };
		4D782E9D1C9DE1630046547D /* Main.storyboard in Resources */ = {isa = PBXBuildFile; fileRef = 4D782E9B1C9DE1630046547D /* Main.storyboard */; };
		4D782E9F1C9DE1630046547D /* Assets.xcassets in Resources */ = {isa = PBXBuildFile; fileRef = 4D782E9E1C9DE1630046547D /* Assets.xcassets */; };
		4D782EA21C9DE1630046547D /* LaunchScreen.storyboard in Resources */ = {isa = PBXBuildFile; fileRef = 4D782EA01C9DE1630046547D /* LaunchScreen.storyboard */; };
		4D782EAA1C9F307E0046547D /* Product.swift in Sources */ = {isa = PBXBuildFile; fileRef = 4D782EA91C9F307E0046547D /* Product.swift */; };
		4D782EAD1C9F31120046547D /* Tag.swift in Sources */ = {isa = PBXBuildFile; fileRef = 4D782EAC1C9F31120046547D /* Tag.swift */; };
		4D782EAF1C9F31AF0046547D /* ProductTableViewCell.swift in Sources */ = {isa = PBXBuildFile; fileRef = 4D782EAE1C9F31AF0046547D /* ProductTableViewCell.swift */; };
		4D782EB31C9F335C0046547D /* ProductsTableViewModel.swift in Sources */ = {isa = PBXBuildFile; fileRef = 4D782EB21C9F335C0046547D /* ProductsTableViewModel.swift */; };
		4D782EB61C9F57900046547D /* ProductDataProvider.swift in Sources */ = {isa = PBXBuildFile; fileRef = 4D782EB51C9F57900046547D /* ProductDataProvider.swift */; };
/* End PBXBuildFile section */

/* Begin PBXFileReference section */
		2D7AA213886AD72A1FBEF240 /* Pods.debug.xcconfig */ = {isa = PBXFileReference; includeInIndex = 1; lastKnownFileType = text.xcconfig; name = Pods.debug.xcconfig; path = "Pods/Target Support Files/Pods/Pods.debug.xcconfig"; sourceTree = "<group>"; };
		4D1082DF1CBC4AEA003B6903 /* MyPlayground.playground */ = {isa = PBXFileReference; lastKnownFileType = file.playground; path = MyPlayground.playground; sourceTree = "<group>"; };
		4D67567F1CB41ADC0054F6ED /* ProductCellViewModel.swift */ = {isa = PBXFileReference; fileEncoding = 4; lastKnownFileType = sourcecode.swift; name = ProductCellViewModel.swift; path = ViewModels/ProductCellViewModel.swift; sourceTree = "<group>"; };
		4D6756821CB422870054F6ED /* ProductsViewController.swift */ = {isa = PBXFileReference; fileEncoding = 4; lastKnownFileType = sourcecode.swift; name = ProductsViewController.swift; path = Controllers/ProductsViewController.swift; sourceTree = "<group>"; };
		4D782E941C9DE1630046547D /* mvvmtest.app */ = {isa = PBXFileReference; explicitFileType = wrapper.application; includeInIndex = 0; path = mvvmtest.app; sourceTree = BUILT_PRODUCTS_DIR; };
		4D782E971C9DE1630046547D /* AppDelegate.swift */ = {isa = PBXFileReference; lastKnownFileType = sourcecode.swift; path = AppDelegate.swift; sourceTree = "<group>"; };
		4D782E9C1C9DE1630046547D /* Base */ = {isa = PBXFileReference; lastKnownFileType = file.storyboard; name = Base; path = Base.lproj/Main.storyboard; sourceTree = "<group>"; };
		4D782E9E1C9DE1630046547D /* Assets.xcassets */ = {isa = PBXFileReference; lastKnownFileType = folder.assetcatalog; path = Assets.xcassets; sourceTree = "<group>"; };
		4D782EA11C9DE1630046547D /* Base */ = {isa = PBXFileReference; lastKnownFileType = file.storyboard; name = Base; path = Base.lproj/LaunchScreen.storyboard; sourceTree = "<group>"; };
		4D782EA31C9DE1630046547D /* Info.plist */ = {isa = PBXFileReference; lastKnownFileType = text.plist.xml; path = Info.plist; sourceTree = "<group>"; };
		4D782EA91C9F307E0046547D /* Product.swift */ = {isa = PBXFileReference; fileEncoding = 4; lastKnownFileType = sourcecode.swift; name = Product.swift; path = Model/Product.swift; sourceTree = "<group>"; };
		4D782EAC1C9F31120046547D /* Tag.swift */ = {isa = PBXFileReference; fileEncoding = 4; lastKnownFileType = sourcecode.swift; name = Tag.swift; path = Model/Tag.swift; sourceTree = "<group>"; };
		4D782EAE1C9F31AF0046547D /* ProductTableViewCell.swift */ = {isa = PBXFileReference; fileEncoding = 4; lastKnownFileType = sourcecode.swift; name = ProductTableViewCell.swift; path = Views/ProductTableViewCell.swift; sourceTree = "<group>"; };
		4D782EB21C9F335C0046547D /* ProductsTableViewModel.swift */ = {isa = PBXFileReference; fileEncoding = 4; lastKnownFileType = sourcecode.swift; name = ProductsTableViewModel.swift; path = ViewModels/ProductsTableViewModel.swift; sourceTree = "<group>"; };
		4D782EB51C9F57900046547D /* ProductDataProvider.swift */ = {isa = PBXFileReference; fileEncoding = 4; lastKnownFileType = sourcecode.swift; name = ProductDataProvider.swift; path = DataProviders/ProductDataProvider.swift; sourceTree = "<group>"; };
		9CCFE0AC0746E511402D2D78 /* Pods.framework */ = {isa = PBXFileReference; explicitFileType = wrapper.framework; includeInIndex = 0; path = Pods.framework; sourceTree = BUILT_PRODUCTS_DIR; };
		FF431EAED63205911F063E15 /* Pods.release.xcconfig */ = {isa = PBXFileReference; includeInIndex = 1; lastKnownFileType = text.xcconfig; name = Pods.release.xcconfig; path = "Pods/Target Support Files/Pods/Pods.release.xcconfig"; sourceTree = "<group>"; };
/* End PBXFileReference section */

/* Begin PBXFrameworksBuildPhase section */
		4D782E911C9DE1630046547D /* Frameworks */ = {
			isa = PBXFrameworksBuildPhase;
			buildActionMask = 2147483647;
			files = (
				37314F0C6C52B6B6DB5472D6 /* Pods.framework in Frameworks */,
			);
			runOnlyForDeploymentPostprocessing = 0;
		};
/* End PBXFrameworksBuildPhase section */

/* Begin PBXGroup section */
		4D6756811CB422360054F6ED /* Controllers */ = {
			isa = PBXGroup;
			children = (
				4D6756821CB422870054F6ED /* ProductsViewController.swift */,
			);
			name = Controllers;
			sourceTree = "<group>";
		};
		4D782E8B1C9DE1630046547D = {
			isa = PBXGroup;
			children = (
				4D782E961C9DE1630046547D /* mvvmtest */,
				4D782E951C9DE1630046547D /* Products */,
				740DE1A8FC75A379CA66198A /* Pods */,
				D1FBABD8B6351085FDA86FD9 /* Frameworks */,
			);
			sourceTree = "<group>";
		};
		4D782E951C9DE1630046547D /* Products */ = {
			isa = PBXGroup;
			children = (
				4D782E941C9DE1630046547D /* mvvmtest.app */,
			);
			name = Products;
			sourceTree = "<group>";
		};
		4D782E961C9DE1630046547D /* mvvmtest */ = {
			isa = PBXGroup;
			children = (
				4D6756811CB422360054F6ED /* Controllers */,
				4D782EB41C9F57780046547D /* DataProviders */,
				4D782EB11C9F31B60046547D /* VIewModels */,
				4D782EB01C9F31B20046547D /* Views */,
				4D782EAB1C9F31030046547D /* Models */,
				4D782E971C9DE1630046547D /* AppDelegate.swift */,
				4D782E9B1C9DE1630046547D /* Main.storyboard */,
				4D782E9E1C9DE1630046547D /* Assets.xcassets */,
				4D782EA01C9DE1630046547D /* LaunchScreen.storyboard */,
				4D782EA31C9DE1630046547D /* Info.plist */,
				4D1082DF1CBC4AEA003B6903 /* MyPlayground.playground */,
			);
			path = mvvmtest;
			sourceTree = "<group>";
		};
		4D782EAB1C9F31030046547D /* Models */ = {
			isa = PBXGroup;
			children = (
				4D782EA91C9F307E0046547D /* Product.swift */,
				4D782EAC1C9F31120046547D /* Tag.swift */,
			);
			name = Models;
			sourceTree = "<group>";
		};
		4D782EB01C9F31B20046547D /* Views */ = {
			isa = PBXGroup;
			children = (
				4D782EAE1C9F31AF0046547D /* ProductTableViewCell.swift */,
			);
			name = Views;
			sourceTree = "<group>";
		};
		4D782EB11C9F31B60046547D /* VIewModels */ = {
			isa = PBXGroup;
			children = (
				4D67567F1CB41ADC0054F6ED /* ProductCellViewModel.swift */,
				4D782EB21C9F335C0046547D /* ProductsTableViewModel.swift */,
			);
			name = VIewModels;
			sourceTree = "<group>";
		};
		4D782EB41C9F57780046547D /* DataProviders */ = {
			isa = PBXGroup;
			children = (
				4D782EB51C9F57900046547D /* ProductDataProvider.swift */,
			);
			name = DataProviders;
			sourceTree = "<group>";
		};
		740DE1A8FC75A379CA66198A /* Pods */ = {
			isa = PBXGroup;
			children = (
				2D7AA213886AD72A1FBEF240 /* Pods.debug.xcconfig */,
				FF431EAED63205911F063E15 /* Pods.release.xcconfig */,
			);
			name = Pods;
			sourceTree = "<group>";
		};
		D1FBABD8B6351085FDA86FD9 /* Frameworks */ = {
			isa = PBXGroup;
			children = (
				9CCFE0AC0746E511402D2D78 /* Pods.framework */,
			);
			name = Frameworks;
			sourceTree = "<group>";
		};
/* End PBXGroup section */

/* Begin PBXNativeTarget section */
		4D782E931C9DE1630046547D /* mvvmtest */ = {
			isa = PBXNativeTarget;
			buildConfigurationList = 4D782EA61C9DE1630046547D /* Build configuration list for PBXNativeTarget "mvvmtest" */;
			buildPhases = (
				B61D2AB098BB7847F88771B9 /* Check Pods Manifest.lock */,
				4D782E901C9DE1630046547D /* Sources */,
				4D782E911C9DE1630046547D /* Frameworks */,
				4D782E921C9DE1630046547D /* Resources */,
				9DEEF31E094BEAF02E7DF7BB /* Embed Pods Frameworks */,
				6E54470357EAA37AD94E2C3E /* Copy Pods Resources */,
			);
			buildRules = (
			);
			dependencies = (
			);
			name = mvvmtest;
			productName = mvvmtest;
			productReference = 4D782E941C9DE1630046547D /* mvvmtest.app */;
			productType = "com.apple.product-type.application";
		};
/* End PBXNativeTarget section */

/* Begin PBXProject section */
		4D782E8C1C9DE1630046547D /* Project object */ = {
			isa = PBXProject;
			attributes = {
				LastSwiftUpdateCheck = 0720;
				LastUpgradeCheck = 0720;
				ORGANIZATIONNAME = TechBrewers;
				TargetAttributes = {
					4D782E931C9DE1630046547D = {
						CreatedOnToolsVersion = 7.2;
					};
				};
			};
			buildConfigurationList = 4D782E8F1C9DE1630046547D /* Build configuration list for PBXProject "mvvmtest" */;
			compatibilityVersion = "Xcode 3.2";
			developmentRegion = English;
			hasScannedForEncodings = 0;
			knownRegions = (
				en,
				Base,
			);
			mainGroup = 4D782E8B1C9DE1630046547D;
			productRefGroup = 4D782E951C9DE1630046547D /* Products */;
			projectDirPath = "";
			projectRoot = "";
			targets = (
				4D782E931C9DE1630046547D /* mvvmtest */,
			);
		};
/* End PBXProject section */

/* Begin PBXResourcesBuildPhase section */
		4D782E921C9DE1630046547D /* Resources */ = {
			isa = PBXResourcesBuildPhase;
			buildActionMask = 2147483647;
			files = (
				4D782EA21C9DE1630046547D /* LaunchScreen.storyboard in Resources */,
				4D782E9F1C9DE1630046547D /* Assets.xcassets in Resources */,
				4D782E9D1C9DE1630046547D /* Main.storyboard in Resources */,
			);
			runOnlyForDeploymentPostprocessing = 0;
		};
/* End PBXResourcesBuildPhase section */

/* Begin PBXShellScriptBuildPhase section */
		6E54470357EAA37AD94E2C3E /* Copy Pods Resources */ = {
			isa = PBXShellScriptBuildPhase;
			buildActionMask = 2147483647;
			files = (
			);
			inputPaths = (
			);
			name = "Copy Pods Resources";
			outputPaths = (
			);
			runOnlyForDeploymentPostprocessing = 0;
			shellPath = /bin/sh;
			shellScript = "\"${SRCROOT}/Pods/Target Support Files/Pods/Pods-resources.sh\"\n";
			showEnvVarsInLog = 0;
		};
		9DEEF31E094BEAF02E7DF7BB /* Embed Pods Frameworks */ = {
			isa = PBXShellScriptBuildPhase;
			buildActionMask = 2147483647;
			files = (
			);
			inputPaths = (
			);
			name = "Embed Pods Frameworks";
			outputPaths = (
			);
			runOnlyForDeploymentPostprocessing = 0;
			shellPath = /bin/sh;
			shellScript = "\"${SRCROOT}/Pods/Target Support Files/Pods/Pods-frameworks.sh\"\n";
			showEnvVarsInLog = 0;
		};
		B61D2AB098BB7847F88771B9 /* Check Pods Manifest.lock */ = {
			isa = PBXShellScriptBuildPhase;
			buildActionMask = 2147483647;
			files = (
			);
			inputPaths = (
			);
			name = "Check Pods Manifest.lock";
			outputPaths = (
			);
			runOnlyForDeploymentPostprocessing = 0;
			shellPath = /bin/sh;
			shellScript = "diff \"${PODS_ROOT}/../Podfile.lock\" \"${PODS_ROOT}/Manifest.lock\" > /dev/null\nif [[ $? != 0 ]] ; then\n    cat << EOM\nerror: The sandbox is not in sync with the Podfile.lock. Run 'pod install' or update your CocoaPods installation.\nEOM\n    exit 1\nfi\n";
			showEnvVarsInLog = 0;
		};
/* End PBXShellScriptBuildPhase section */

/* Begin PBXSourcesBuildPhase section */
		4D782E901C9DE1630046547D /* Sources */ = {
			isa = PBXSourcesBuildPhase;
			buildActionMask = 2147483647;
			files = (
				4D782EAD1C9F31120046547D /* Tag.swift in Sources */,
				4D6756801CB41ADC0054F6ED /* ProductCellViewModel.swift in Sources */,
				4D782EAF1C9F31AF0046547D /* ProductTableViewCell.swift in Sources */,
				4D782E981C9DE1630046547D /* AppDelegate.swift in Sources */,
				4D782EB61C9F57900046547D /* ProductDataProvider.swift in Sources */,
				4D6756831CB422870054F6ED /* ProductsViewController.swift in Sources */,
				4D782EAA1C9F307E0046547D /* Product.swift in Sources */,
				4D782EB31C9F335C0046547D /* ProductsTableViewModel.swift in Sources */,
			);
			runOnlyForDeploymentPostprocessing = 0;
		};
/* End PBXSourcesBuildPhase section */

/* Begin PBXVariantGroup section */
		4D782E9B1C9DE1630046547D /* Main.storyboard */ = {
			isa = PBXVariantGroup;
			children = (
				4D782E9C1C9DE1630046547D /* Base */,
			);
			name = Main.storyboard;
			sourceTree = "<group>";
		};
		4D782EA01C9DE1630046547D /* LaunchScreen.storyboard */ = {
			isa = PBXVariantGroup;
			children = (
				4D782EA11C9DE1630046547D /* Base */,
			);
			name = LaunchScreen.storyboard;
			sourceTree = "<group>";
		};
/* End PBXVariantGroup section */

/* Begin XCBuildConfiguration section */
		4D782EA41C9DE1630046547D /* Debug */ = {
			isa = XCBuildConfiguration;
			buildSettings = {
				ALWAYS_SEARCH_USER_PATHS = NO;
				CLANG_CXX_LANGUAGE_STANDARD = "gnu++0x";
				CLANG_CXX_LIBRARY = "libc++";
				CLANG_ENABLE_MODULES = YES;
				CLANG_ENABLE_OBJC_ARC = YES;
				CLANG_WARN_BOOL_CONVERSION = YES;
				CLANG_WARN_CONSTANT_CONVERSION = YES;
				CLANG_WARN_DIRECT_OBJC_ISA_USAGE = YES_ERROR;
				CLANG_WARN_EMPTY_BODY = YES;
				CLANG_WARN_ENUM_CONVERSION = YES;
				CLANG_WARN_INT_CONVERSION = YES;
				CLANG_WARN_OBJC_ROOT_CLASS = YES_ERROR;
				CLANG_WARN_UNREACHABLE_CODE = YES;
				CLANG_WARN__DUPLICATE_METHOD_MATCH = YES;
				"CODE_SIGN_IDENTITY[sdk=iphoneos*]" = "iPhone Developer";
				COPY_PHASE_STRIP = NO;
				DEBUG_INFORMATION_FORMAT = dwarf;
				ENABLE_STRICT_OBJC_MSGSEND = YES;
				ENABLE_TESTABILITY = YES;
				GCC_C_LANGUAGE_STANDARD = gnu99;
				GCC_DYNAMIC_NO_PIC = NO;
				GCC_NO_COMMON_BLOCKS = YES;
				GCC_OPTIMIZATION_LEVEL = 0;
				GCC_PREPROCESSOR_DEFINITIONS = (
					"DEBUG=1",
					"$(inherited)",
				);
				GCC_WARN_64_TO_32_BIT_CONVERSION = YES;
				GCC_WARN_ABOUT_RETURN_TYPE = YES_ERROR;
				GCC_WARN_UNDECLARED_SELECTOR = YES;
				GCC_WARN_UNINITIALIZED_AUTOS = YES_AGGRESSIVE;
				GCC_WARN_UNUSED_FUNCTION = YES;
				GCC_WARN_UNUSED_VARIABLE = YES;
				IPHONEOS_DEPLOYMENT_TARGET = 9.2;
				MTL_ENABLE_DEBUG_INFO = YES;
				ONLY_ACTIVE_ARCH = YES;
				SDKROOT = iphoneos;
				SWIFT_OPTIMIZATION_LEVEL = "-Onone";
			};
			name = Debug;
		};
		4D782EA51C9DE1630046547D /* Release */ = {
			isa = XCBuildConfiguration;
			buildSettings = {
				ALWAYS_SEARCH_USER_PATHS = NO;
				CLANG_CXX_LANGUAGE_STANDARD = "gnu++0x";
				CLANG_CXX_LIBRARY = "libc++";
				CLANG_ENABLE_MODULES = YES;
				CLANG_ENABLE_OBJC_ARC = YES;
				CLANG_WARN_BOOL_CONVERSION = YES;
				CLANG_WARN_CONSTANT_CONVERSION = YES;
				CLANG_WARN_DIRECT_OBJC_ISA_USAGE = YES_ERROR;
				CLANG_WARN_EMPTY_BODY = YES;
				CLANG_WARN_ENUM_CONVERSION = YES;
				CLANG_WARN_INT_CONVERSION = YES;
				CLANG_WARN_OBJC_ROOT_CLASS = YES_ERROR;
				CLANG_WARN_UNREACHABLE_CODE = YES;
				CLANG_WARN__DUPLICATE_METHOD_MATCH = YES;
				"CODE_SIGN_IDENTITY[sdk=iphoneos*]" = "iPhone Developer";
				COPY_PHASE_STRIP = NO;
				DEBUG_INFORMATION_FORMAT = "dwarf-with-dsym";
				ENABLE_NS_ASSERTIONS = NO;
				ENABLE_STRICT_OBJC_MSGSEND = YES;
				GCC_C_LANGUAGE_STANDARD = gnu99;
				GCC_NO_COMMON_BLOCKS = YES;
				GCC_WARN_64_TO_32_BIT_CONVERSION = YES;
				GCC_WARN_ABOUT_RETURN_TYPE = YES_ERROR;
				GCC_WARN_UNDECLARED_SELECTOR = YES;
				GCC_WARN_UNINITIALIZED_AUTOS = YES_AGGRESSIVE;
				GCC_WARN_UNUSED_FUNCTION = YES;
				GCC_WARN_UNUSED_VARIABLE = YES;
				IPHONEOS_DEPLOYMENT_TARGET = 9.2;
				MTL_ENABLE_DEBUG_INFO = NO;
				SDKROOT = iphoneos;
				VALIDATE_PRODUCT = YES;
			};
			name = Release;
		};
		4D782EA71C9DE1630046547D /* Debug */ = {
			isa = XCBuildConfiguration;
			baseConfigurationReference = 2D7AA213886AD72A1FBEF240 /* Pods.debug.xcconfig */;
			buildSettings = {
				ASSETCATALOG_COMPILER_APPICON_NAME = AppIcon;
				INFOPLIST_FILE = mvvmtest/Info.plist;
				LD_RUNPATH_SEARCH_PATHS = "$(inherited) @executable_path/Frameworks";
				PRODUCT_BUNDLE_IDENTIFIER = com.techbrewers.mvvmtest;
				PRODUCT_NAME = "$(TARGET_NAME)";
			};
			name = Debug;
		};
		4D782EA81C9DE1630046547D /* Release */ = {
			isa = XCBuildConfiguration;
			baseConfigurationReference = FF431EAED63205911F063E15 /* Pods.release.xcconfig */;
			buildSettings = {
				ASSETCATALOG_COMPILER_APPICON_NAME = AppIcon;
				INFOPLIST_FILE = mvvmtest/Info.plist;
				LD_RUNPATH_SEARCH_PATHS = "$(inherited) @executable_path/Frameworks";
				PRODUCT_BUNDLE_IDENTIFIER = com.techbrewers.mvvmtest;
				PRODUCT_NAME = "$(TARGET_NAME)";
			};
			name = Release;
		};
/* End XCBuildConfiguration section */

/* Begin XCConfigurationList section */
		4D782E8F1C9DE1630046547D /* Build configuration list for PBXProject "mvvmtest" */ = {
			isa = XCConfigurationList;
			buildConfigurations = (
				4D782EA41C9DE1630046547D /* Debug */,
				4D782EA51C9DE1630046547D /* Release */,
			);
			defaultConfigurationIsVisible = 0;
			defaultConfigurationName = Release;
		};
		4D782EA61C9DE1630046547D /* Build configuration list for PBXNativeTarget "mvvmtest" */ = {
			isa = XCConfigurationList;
			buildConfigurations = (
				4D782EA71C9DE1630046547D /* Debug */,
				4D782EA81C9DE1630046547D /* Release */,
			);
			defaultConfigurationIsVisible = 0;
			defaultConfigurationName = Release;
		};
/* End XCConfigurationList section */
	};
	rootObject = 4D782E8C1C9DE1630046547D /* Project object */;
}
